
Microsoft Visual Studio Solution File, Format Version 12.00
# Visual Studio Version 16
VisualStudioVersion = 16.0.32106.194
MinimumVisualStudioVersion = 10.0.40219.1
Project("{FAE04EC0-301F-11D3-BF4B-00C04F79EFBC}") = "Lab2del2", "Lab2del2.csproj", "{EC5607F6-135A-4570-A7B1-A45024B08699}"
EndProject
Global
	GlobalSection(SolutionConfigurationPlatforms) = preSolution
		Debug|Any CPU = Debug|Any CPU
		Release|Any CPU = Release|Any CPU
	EndGlobalSection
	GlobalSection(ProjectConfigurationPlatforms) = postSolution
		{EC5607F6-135A-4570-A7B1-A45024B08699}.Debug|Any CPU.ActiveCfg = Debug|Any CPU
		{EC5607F6-135A-4570-A7B1-A45024B08699}.Debug|Any CPU.Build.0 = Debug|Any CPU
		{EC5607F6-135A-4570-A7B1-A45024B08699}.Release|Any CPU.ActiveCfg = Release|Any CPU
		{EC5607F6-135A-4570-A7B1-A45024B08699}.Release|Any CPU.Build.0 = Release|Any CPU
	EndGlobalSection
	GlobalSection(SolutionProperties) = preSolution
		HideSolutionNode = FALSE
	EndGlobalSection
	GlobalSection(ExtensibilityGlobals) = postSolution
		SolutionGuid = {53799D49-D419-4380-BEAD-22309680227A}
	EndGlobalSection
EndGlobal
